// !$*UTF8*$!
{
	archiveVersion = 1;
	classes = {
	};
	objectVersion = 77;
	objects = {

/* Begin PBXBuildFile section */
		001D96C92EAE791C00BF1093 /* SplashViewModel.swift in Sources */ = {isa = PBXBuildFile; fileRef = 001D96BE2EAE791C00BF1093 /* SplashViewModel.swift */; };
		001D96CA2EAE791C00BF1093 /* SceneDelegate.swift in Sources */ = {isa = PBXBuildFile; fileRef = 001D96C52EAE791C00BF1093 /* SceneDelegate.swift */; };
		001D96CB2EAE791C00BF1093 /* AppCoordinatorFactory.swift in Sources */ = {isa = PBXBuildFile; fileRef = 001D96B52EAE791C00BF1093 /* AppCoordinatorFactory.swift */; };
		001D96CC2EAE791C00BF1093 /* AppDelegate.swift in Sources */ = {isa = PBXBuildFile; fileRef = 001D96C32EAE791C00BF1093 /* AppDelegate.swift */; };
		001D96CD2EAE791C00BF1093 /* AppCoordinatorProtocol.swift in Sources */ = {isa = PBXBuildFile; fileRef = 001D96B62EAE791C00BF1093 /* AppCoordinatorProtocol.swift */; };
		001D96CE2EAE791C00BF1093 /* AppCoordinator.swift in Sources */ = {isa = PBXBuildFile; fileRef = 001D96B42EAE791C00BF1093 /* AppCoordinator.swift */; };
		001D96CF2EAE791C00BF1093 /* SplashCoordinatorActions.swift in Sources */ = {isa = PBXBuildFile; fileRef = 001D96B82EAE791C00BF1093 /* SplashCoordinatorActions.swift */; };
		001D96D02EAE791C00BF1093 /* SplashInteractor.swift in Sources */ = {isa = PBXBuildFile; fileRef = 001D96BC2EAE791C00BF1093 /* SplashInteractor.swift */; };
		001D96D12EAE791C00BF1093 /* SplashAssembly.swift in Sources */ = {isa = PBXBuildFile; fileRef = 001D96B02EAE791C00BF1093 /* SplashAssembly.swift */; };
		001D96D22EAE791C00BF1093 /* NavigationRouter.swift in Sources */ = {isa = PBXBuildFile; fileRef = 001D96B22EAE791C00BF1093 /* NavigationRouter.swift */; };
		001D96D32EAE791C00BF1093 /* SplashView.swift in Sources */ = {isa = PBXBuildFile; fileRef = 001D96C02EAE791C00BF1093 /* SplashView.swift */; };
		001D96D42EAE791C00BF1093 /* AppCoordinatorAssembly.swift in Sources */ = {isa = PBXBuildFile; fileRef = 001D96AF2EAE791C00BF1093 /* AppCoordinatorAssembly.swift */; };
		001D96D52EAE791C00BF1093 /* SplashViewControllerFactory.swift in Sources */ = {isa = PBXBuildFile; fileRef = 001D96BA2EAE791C00BF1093 /* SplashViewControllerFactory.swift */; };
		001D96D72EAE791C00BF1093 /* Assets.xcassets in Resources */ = {isa = PBXBuildFile; fileRef = 001D96C72EAE791C00BF1093 /* Assets.xcassets */; };
		007C0CFF2EA6CAD200EF2C55 /* Authentication in Frameworks */ = {isa = PBXBuildFile; productRef = 007C0CFE2EA6CAD200EF2C55 /* Authentication */; };
		007C0D022EA6CADB00EF2C55 /* Common in Frameworks */ = {isa = PBXBuildFile; productRef = 007C0D012EA6CADB00EF2C55 /* Common */; };
		007C0D052EA6CAE200EF2C55 /* Home in Frameworks */ = {isa = PBXBuildFile; productRef = 007C0D042EA6CAE200EF2C55 /* Home */; };
		007C0D082EA6CAEB00EF2C55 /* Profile in Frameworks */ = {isa = PBXBuildFile; productRef = 007C0D072EA6CAEB00EF2C55 /* Profile */; };
		007C0D0B2EA6CAF700EF2C55 /* Settings in Frameworks */ = {isa = PBXBuildFile; productRef = 007C0D0A2EA6CAF700EF2C55 /* Settings */; };
		007C0D112EA6CB4D00EF2C55 /* Swinject in Frameworks */ = {isa = PBXBuildFile; productRef = 007C0D102EA6CB4D00EF2C55 /* Swinject */; };
/* End PBXBuildFile section */

/* Begin PBXFileReference section */
		001D96AF2EAE791C00BF1093 /* AppCoordinatorAssembly.swift */ = {isa = PBXFileReference; lastKnownFileType = sourcecode.swift; path = AppCoordinatorAssembly.swift; sourceTree = "<group>"; };
		001D96B02EAE791C00BF1093 /* SplashAssembly.swift */ = {isa = PBXFileReference; lastKnownFileType = sourcecode.swift; path = SplashAssembly.swift; sourceTree = "<group>"; };
		001D96B22EAE791C00BF1093 /* NavigationRouter.swift */ = {isa = PBXFileReference; lastKnownFileType = sourcecode.swift; path = NavigationRouter.swift; sourceTree = "<group>"; };
		001D96B42EAE791C00BF1093 /* AppCoordinator.swift */ = {isa = PBXFileReference; lastKnownFileType = sourcecode.swift; path = AppCoordinator.swift; sourceTree = "<group>"; };
		001D96B52EAE791C00BF1093 /* AppCoordinatorFactory.swift */ = {isa = PBXFileReference; lastKnownFileType = sourcecode.swift; path = AppCoordinatorFactory.swift; sourceTree = "<group>"; };
		001D96B62EAE791C00BF1093 /* AppCoordinatorProtocol.swift */ = {isa = PBXFileReference; lastKnownFileType = sourcecode.swift; path = AppCoordinatorProtocol.swift; sourceTree = "<group>"; };
		001D96B82EAE791C00BF1093 /* SplashCoordinatorActions.swift */ = {isa = PBXFileReference; lastKnownFileType = sourcecode.swift; path = SplashCoordinatorActions.swift; sourceTree = "<group>"; };
		001D96BA2EAE791C00BF1093 /* SplashViewControllerFactory.swift */ = {isa = PBXFileReference; lastKnownFileType = sourcecode.swift; path = SplashViewControllerFactory.swift; sourceTree = "<group>"; };
		001D96BC2EAE791C00BF1093 /* SplashInteractor.swift */ = {isa = PBXFileReference; lastKnownFileType = sourcecode.swift; path = SplashInteractor.swift; sourceTree = "<group>"; };
		001D96BE2EAE791C00BF1093 /* SplashViewModel.swift */ = {isa = PBXFileReference; lastKnownFileType = sourcecode.swift; path = SplashViewModel.swift; sourceTree = "<group>"; };
		001D96C02EAE791C00BF1093 /* SplashView.swift */ = {isa = PBXFileReference; lastKnownFileType = sourcecode.swift; path = SplashView.swift; sourceTree = "<group>"; };
		001D96C32EAE791C00BF1093 /* AppDelegate.swift */ = {isa = PBXFileReference; lastKnownFileType = sourcecode.swift; path = AppDelegate.swift; sourceTree = "<group>"; };
		001D96C42EAE791C00BF1093 /* Info.plist */ = {isa = PBXFileReference; lastKnownFileType = text.plist.xml; path = Info.plist; sourceTree = "<group>"; };
		001D96C52EAE791C00BF1093 /* SceneDelegate.swift */ = {isa = PBXFileReference; lastKnownFileType = sourcecode.swift; path = SceneDelegate.swift; sourceTree = "<group>"; };
		001D96C72EAE791C00BF1093 /* Assets.xcassets */ = {isa = PBXFileReference; lastKnownFileType = folder.assetcatalog; path = Assets.xcassets; sourceTree = "<group>"; };
		007C0CE42EA6CA9400EF2C55 /* Authentication */ = {isa = PBXFileReference; lastKnownFileType = wrapper; path = Authentication; sourceTree = "<group>"; };
		007C0CE52EA6CA9400EF2C55 /* Common */ = {isa = PBXFileReference; lastKnownFileType = wrapper; path = Common; sourceTree = "<group>"; };
		007C0CE62EA6CA9400EF2C55 /* Home */ = {isa = PBXFileReference; lastKnownFileType = wrapper; path = Home; sourceTree = "<group>"; };
		007C0CE72EA6CA9400EF2C55 /* Profile */ = {isa = PBXFileReference; lastKnownFileType = wrapper; path = Profile; sourceTree = "<group>"; };
		007C0CE82EA6CA9400EF2C55 /* Settings */ = {isa = PBXFileReference; lastKnownFileType = wrapper; path = Settings; sourceTree = "<group>"; };
		00E3C9DE2EA0168B00B849C4 /* modular-coordinator-di.app */ = {isa = PBXFileReference; explicitFileType = wrapper.application; includeInIndex = 0; name = "modular-coordinator-di.app"; path = "/Users/a/Documents/Personal/Coordinator/Coordinator/build/Debug-iphoneos/modular-coordinator-di.app"; sourceTree = "<absolute>"; };
/* End PBXFileReference section */

/* Begin PBXFrameworksBuildPhase section */
		00E3C9DB2EA0168B00B849C4 /* Frameworks */ = {
			isa = PBXFrameworksBuildPhase;
			buildActionMask = 2147483647;
			files = (
				007C0D082EA6CAEB00EF2C55 /* Profile in Frameworks */,
				007C0D0B2EA6CAF700EF2C55 /* Settings in Frameworks */,
				007C0D112EA6CB4D00EF2C55 /* Swinject in Frameworks */,
				007C0CFF2EA6CAD200EF2C55 /* Authentication in Frameworks */,
				007C0D022EA6CADB00EF2C55 /* Common in Frameworks */,
				007C0D052EA6CAE200EF2C55 /* Home in Frameworks */,
			);
			runOnlyForDeploymentPostprocessing = 0;
		};
/* End PBXFrameworksBuildPhase section */

/* Begin PBXGroup section */
		001D96B12EAE791C00BF1093 /* Assembly */ = {
			isa = PBXGroup;
			children = (
				001D96AF2EAE791C00BF1093 /* AppCoordinatorAssembly.swift */,
				001D96B02EAE791C00BF1093 /* SplashAssembly.swift */,
			);
			path = Assembly;
			sourceTree = "<group>";
		};
		001D96B32EAE791C00BF1093 /* Router */ = {
			isa = PBXGroup;
			children = (
				001D96B22EAE791C00BF1093 /* NavigationRouter.swift */,
			);
			path = Router;
			sourceTree = "<group>";
		};
		001D96B72EAE791C00BF1093 /* Coordinator */ = {
			isa = PBXGroup;
			children = (
				001D96B32EAE791C00BF1093 /* Router */,
				001D96B42EAE791C00BF1093 /* AppCoordinator.swift */,
				001D96B52EAE791C00BF1093 /* AppCoordinatorFactory.swift */,
				001D96B62EAE791C00BF1093 /* AppCoordinatorProtocol.swift */,
			);
			path = Coordinator;
			sourceTree = "<group>";
		};
		001D96B92EAE791C00BF1093 /* CoordinatorActions */ = {
			isa = PBXGroup;
			children = (
				001D96B82EAE791C00BF1093 /* SplashCoordinatorActions.swift */,
			);
			path = CoordinatorActions;
			sourceTree = "<group>";
		};
		001D96BB2EAE791C00BF1093 /* Factories */ = {
			isa = PBXGroup;
			children = (
				001D96BA2EAE791C00BF1093 /* SplashViewControllerFactory.swift */,
			);
			path = Factories;
			sourceTree = "<group>";
		};
		001D96BD2EAE791C00BF1093 /* Interactors */ = {
			isa = PBXGroup;
			children = (
				001D96BC2EAE791C00BF1093 /* SplashInteractor.swift */,
			);
			path = Interactors;
			sourceTree = "<group>";
		};
		001D96BF2EAE791C00BF1093 /* ViewModels */ = {
			isa = PBXGroup;
			children = (
				001D96BE2EAE791C00BF1093 /* SplashViewModel.swift */,
			);
			path = ViewModels;
			sourceTree = "<group>";
		};
		001D96C12EAE791C00BF1093 /* Views */ = {
			isa = PBXGroup;
			children = (
				001D96C02EAE791C00BF1093 /* SplashView.swift */,
			);
			path = Views;
			sourceTree = "<group>";
		};
		001D96C22EAE791C00BF1093 /* Splash */ = {
			isa = PBXGroup;
			children = (
				001D96B92EAE791C00BF1093 /* CoordinatorActions */,
				001D96BB2EAE791C00BF1093 /* Factories */,
				001D96BD2EAE791C00BF1093 /* Interactors */,
				001D96BF2EAE791C00BF1093 /* ViewModels */,
				001D96C12EAE791C00BF1093 /* Views */,
			);
			path = Splash;
			sourceTree = "<group>";
		};
		001D96C62EAE791C00BF1093 /* Supporting Files */ = {
			isa = PBXGroup;
			children = (
				001D96C32EAE791C00BF1093 /* AppDelegate.swift */,
				001D96C42EAE791C00BF1093 /* Info.plist */,
				001D96C52EAE791C00BF1093 /* SceneDelegate.swift */,
			);
			path = "Supporting Files";
			sourceTree = "<group>";
		};
		001D96C82EAE791C00BF1093 /* modular-coordinator-di */ = {
			isa = PBXGroup;
			children = (
				001D96B12EAE791C00BF1093 /* Assembly */,
				001D96B72EAE791C00BF1093 /* Coordinator */,
				001D96C22EAE791C00BF1093 /* Splash */,
				001D96C62EAE791C00BF1093 /* Supporting Files */,
				001D96C72EAE791C00BF1093 /* Assets.xcassets */,
			);
			path = "modular-coordinator-di";
			sourceTree = "<group>";
		};
		007C0C392EA69EE500EF2C55 /* Packages */ = {
			isa = PBXGroup;
			children = (
				007C0CE42EA6CA9400EF2C55 /* Authentication */,
				007C0CE52EA6CA9400EF2C55 /* Common */,
				007C0CE62EA6CA9400EF2C55 /* Home */,
				007C0CE72EA6CA9400EF2C55 /* Profile */,
				007C0CE82EA6CA9400EF2C55 /* Settings */,
			);
			path = Packages;
			sourceTree = "<group>";
		};
		00E3C9D52EA0168B00B849C4 = {
			isa = PBXGroup;
			children = (
				007C0C392EA69EE500EF2C55 /* Packages */,
				001D96C82EAE791C00BF1093 /* modular-coordinator-di */,
			);
			sourceTree = "<group>";
		};
/* End PBXGroup section */

/* Begin PBXNativeTarget section */
		00E3C9DD2EA0168B00B849C4 /* modular-coordinator-di */ = {
			isa = PBXNativeTarget;
			buildConfigurationList = 00E3C9F12EA0168C00B849C4 /* Build configuration list for PBXNativeTarget "modular-coordinator-di" */;
			buildPhases = (
				00E3C9DA2EA0168B00B849C4 /* Sources */,
				00E3C9DB2EA0168B00B849C4 /* Frameworks */,
				00E3C9DC2EA0168B00B849C4 /* Resources */,
			);
			buildRules = (
			);
			dependencies = (
			);
			name = "modular-coordinator-di";
			packageProductDependencies = (
				007C0CFE2EA6CAD200EF2C55 /* Authentication */,
				007C0D012EA6CADB00EF2C55 /* Common */,
				007C0D042EA6CAE200EF2C55 /* Home */,
				007C0D072EA6CAEB00EF2C55 /* Profile */,
				007C0D0A2EA6CAF700EF2C55 /* Settings */,
				007C0D102EA6CB4D00EF2C55 /* Swinject */,
			);
			productName = Coordinator;
			productReference = 00E3C9DE2EA0168B00B849C4 /* modular-coordinator-di.app */;
			productType = "com.apple.product-type.application";
		};
/* End PBXNativeTarget section */

/* Begin PBXProject section */
		00E3C9D62EA0168B00B849C4 /* Project object */ = {
			isa = PBXProject;
			attributes = {
				BuildIndependentTargetsInParallel = 1;
				LastSwiftUpdateCheck = 2600;
				LastUpgradeCheck = 2600;
				TargetAttributes = {
					00E3C9DD2EA0168B00B849C4 = {
						CreatedOnToolsVersion = 26.0.1;
					};
				};
			};
			buildConfigurationList = 00E3C9D92EA0168B00B849C4 /* Build configuration list for PBXProject "modular-coordinator-di" */;
			developmentRegion = en;
			hasScannedForEncodings = 0;
			knownRegions = (
				en,
				Base,
			);
			mainGroup = 00E3C9D52EA0168B00B849C4;
			minimizedProjectReferenceProxies = 1;
			packageReferences = (
				007C0CFD2EA6CAD200EF2C55 /* XCLocalSwiftPackageReference "Packages/Authentication" */,
				007C0D002EA6CADB00EF2C55 /* XCLocalSwiftPackageReference "Packages/Common" */,
				007C0D032EA6CAE200EF2C55 /* XCLocalSwiftPackageReference "Packages/Home" */,
				007C0D062EA6CAEB00EF2C55 /* XCLocalSwiftPackageReference "Packages/Profile" */,
				007C0D092EA6CAF700EF2C55 /* XCLocalSwiftPackageReference "Packages/Settings" */,
				007C0D0F2EA6CB4D00EF2C55 /* XCRemoteSwiftPackageReference "Swinject" */,
			);
			preferredProjectObjectVersion = 77;
			productRefGroup = 00E3C9D52EA0168B00B849C4;
			projectDirPath = "";
			projectRoot = "";
			targets = (
				00E3C9DD2EA0168B00B849C4 /* modular-coordinator-di */,
			);
		};
/* End PBXProject section */

/* Begin PBXResourcesBuildPhase section */
		00E3C9DC2EA0168B00B849C4 /* Resources */ = {
			isa = PBXResourcesBuildPhase;
			buildActionMask = 2147483647;
			files = (
				001D96D72EAE791C00BF1093 /* Assets.xcassets in Resources */,
			);
			runOnlyForDeploymentPostprocessing = 0;
		};
/* End PBXResourcesBuildPhase section */

/* Begin PBXSourcesBuildPhase section */
		00E3C9DA2EA0168B00B849C4 /* Sources */ = {
			isa = PBXSourcesBuildPhase;
			buildActionMask = 2147483647;
			files = (
				001D96C92EAE791C00BF1093 /* SplashViewModel.swift in Sources */,
				001D96CA2EAE791C00BF1093 /* SceneDelegate.swift in Sources */,
				001D96CB2EAE791C00BF1093 /* AppCoordinatorFactory.swift in Sources */,
				001D96CC2EAE791C00BF1093 /* AppDelegate.swift in Sources */,
				001D96CD2EAE791C00BF1093 /* AppCoordinatorProtocol.swift in Sources */,
				001D96CE2EAE791C00BF1093 /* AppCoordinator.swift in Sources */,
				001D96CF2EAE791C00BF1093 /* SplashCoordinatorActions.swift in Sources */,
				001D96D02EAE791C00BF1093 /* SplashInteractor.swift in Sources */,
				001D96D12EAE791C00BF1093 /* SplashAssembly.swift in Sources */,
				001D96D22EAE791C00BF1093 /* NavigationRouter.swift in Sources */,
				001D96D32EAE791C00BF1093 /* SplashView.swift in Sources */,
				001D96D42EAE791C00BF1093 /* AppCoordinatorAssembly.swift in Sources */,
				001D96D52EAE791C00BF1093 /* SplashViewControllerFactory.swift in Sources */,
			);
			runOnlyForDeploymentPostprocessing = 0;
		};
/* End PBXSourcesBuildPhase section */

/* Begin XCBuildConfiguration section */
		00E3C9F22EA0168C00B849C4 /* Debug */ = {
			isa = XCBuildConfiguration;
			buildSettings = {
				ASSETCATALOG_COMPILER_APPICON_NAME = AppIcon;
				ASSETCATALOG_COMPILER_GLOBAL_ACCENT_COLOR_NAME = AccentColor;
				CODE_SIGN_STYLE = Automatic;
				CURRENT_PROJECT_VERSION = 1;
				DEVELOPMENT_TEAM = SPHY5BA8B7;
				GENERATE_INFOPLIST_FILE = NO;
				INFOPLIST_FILE = "modular-coordinator-di/Supporting Files/Info.plist";
				INFOPLIST_KEY_UIApplicationSupportsIndirectInputEvents = YES;
				INFOPLIST_KEY_UISupportedInterfaceOrientations_iPad = "UIInterfaceOrientationPortrait UIInterfaceOrientationPortraitUpsideDown UIInterfaceOrientationLandscapeLeft UIInterfaceOrientationLandscapeRight";
				INFOPLIST_KEY_UISupportedInterfaceOrientations_iPhone = "UIInterfaceOrientationPortrait UIInterfaceOrientationLandscapeLeft UIInterfaceOrientationLandscapeRight";
				IPHONEOS_DEPLOYMENT_TARGET = 16.0;
				LD_RUNPATH_SEARCH_PATHS = (
					"$(inherited)",
					"@executable_path/Frameworks",
				);
				MARKETING_VERSION = 1.0;
				PRODUCT_BUNDLE_IDENTIFIER = "mostafa.ashraf10497-gmail.com.Coordinator";
				PRODUCT_NAME = "$(TARGET_NAME)";
				STRING_CATALOG_GENERATE_SYMBOLS = YES;
				SWIFT_APPROACHABLE_CONCURRENCY = YES;
				SWIFT_DEFAULT_ACTOR_ISOLATION = MainActor;
				SWIFT_EMIT_LOC_STRINGS = YES;
				SWIFT_UPCOMING_FEATURE_MEMBER_IMPORT_VISIBILITY = YES;
				SWIFT_VERSION = 5.0;
				TARGETED_DEVICE_FAMILY = "1,2";
			};
			name = Debug;
		};
		00E3C9F32EA0168C00B849C4 /* Release */ = {
			isa = XCBuildConfiguration;
			buildSettings = {
				ASSETCATALOG_COMPILER_APPICON_NAME = AppIcon;
				ASSETCATALOG_COMPILER_GLOBAL_ACCENT_COLOR_NAME = AccentColor;
				CODE_SIGN_STYLE = Automatic;
				CURRENT_PROJECT_VERSION = 1;
				DEVELOPMENT_TEAM = SPHY5BA8B7;
				GENERATE_INFOPLIST_FILE = NO;
				INFOPLIST_FILE = "modular-coordinator-di/Supporting Files/Info.plist";
				INFOPLIST_KEY_UIApplicationSupportsIndirectInputEvents = YES;
				INFOPLIST_KEY_UISupportedInterfaceOrientations_iPad = "UIInterfaceOrientationPortrait UIInterfaceOrientationPortraitUpsideDown UIInterfaceOrientationLandscapeLeft UIInterfaceOrientationLandscapeRight";
				INFOPLIST_KEY_UISupportedInterfaceOrientations_iPhone = "UIInterfaceOrientationPortrait UIInterfaceOrientationLandscapeLeft UIInterfaceOrientationLandscapeRight";
				IPHONEOS_DEPLOYMENT_TARGET = 16.0;
				LD_RUNPATH_SEARCH_PATHS = (
					"$(inherited)",
					"@executable_path/Frameworks",
				);
				MARKETING_VERSION = 1.0;
				PRODUCT_BUNDLE_IDENTIFIER = "mostafa.ashraf10497-gmail.com.Coordinator";
				PRODUCT_NAME = "$(TARGET_NAME)";
				STRING_CATALOG_GENERATE_SYMBOLS = YES;
				SWIFT_APPROACHABLE_CONCURRENCY = YES;
				SWIFT_DEFAULT_ACTOR_ISOLATION = MainActor;
				SWIFT_EMIT_LOC_STRINGS = YES;
				SWIFT_UPCOMING_FEATURE_MEMBER_IMPORT_VISIBILITY = YES;
				SWIFT_VERSION = 5.0;
				TARGETED_DEVICE_FAMILY = "1,2";
			};
			name = Release;
		};
		00E3C9F42EA0168C00B849C4 /* Debug */ = {
			isa = XCBuildConfiguration;
			buildSettings = {
				ALWAYS_SEARCH_USER_PATHS = NO;
				ASSETCATALOG_COMPILER_GENERATE_SWIFT_ASSET_SYMBOL_EXTENSIONS = YES;
				CLANG_ANALYZER_NONNULL = YES;
				CLANG_ANALYZER_NUMBER_OBJECT_CONVERSION = YES_AGGRESSIVE;
				CLANG_CXX_LANGUAGE_STANDARD = "gnu++20";
				CLANG_ENABLE_MODULES = YES;
				CLANG_ENABLE_OBJC_ARC = YES;
				CLANG_ENABLE_OBJC_WEAK = YES;
				CLANG_WARN_BLOCK_CAPTURE_AUTORELEASING = YES;
				CLANG_WARN_BOOL_CONVERSION = YES;
				CLANG_WARN_COMMA = YES;
				CLANG_WARN_CONSTANT_CONVERSION = YES;
				CLANG_WARN_DEPRECATED_OBJC_IMPLEMENTATIONS = YES;
				CLANG_WARN_DIRECT_OBJC_ISA_USAGE = YES_ERROR;
				CLANG_WARN_DOCUMENTATION_COMMENTS = YES;
				CLANG_WARN_EMPTY_BODY = YES;
				CLANG_WARN_ENUM_CONVERSION = YES;
				CLANG_WARN_INFINITE_RECURSION = YES;
				CLANG_WARN_INT_CONVERSION = YES;
				CLANG_WARN_NON_LITERAL_NULL_CONVERSION = YES;
				CLANG_WARN_OBJC_IMPLICIT_RETAIN_SELF = YES;
				CLANG_WARN_OBJC_LITERAL_CONVERSION = YES;
				CLANG_WARN_OBJC_ROOT_CLASS = YES_ERROR;
				CLANG_WARN_QUOTED_INCLUDE_IN_FRAMEWORK_HEADER = YES;
				CLANG_WARN_RANGE_LOOP_ANALYSIS = YES;
				CLANG_WARN_STRICT_PROTOTYPES = YES;
				CLANG_WARN_SUSPICIOUS_MOVE = YES;
				CLANG_WARN_UNGUARDED_AVAILABILITY = YES_AGGRESSIVE;
				CLANG_WARN_UNREACHABLE_CODE = YES;
				CLANG_WARN__DUPLICATE_METHOD_MATCH = YES;
				COPY_PHASE_STRIP = NO;
				DEBUG_INFORMATION_FORMAT = dwarf;
				DEVELOPMENT_TEAM = SPHY5BA8B7;
				ENABLE_STRICT_OBJC_MSGSEND = YES;
				ENABLE_TESTABILITY = YES;
				ENABLE_USER_SCRIPT_SANDBOXING = YES;
				GCC_C_LANGUAGE_STANDARD = gnu17;
				GCC_DYNAMIC_NO_PIC = NO;
				GCC_NO_COMMON_BLOCKS = YES;
				GCC_OPTIMIZATION_LEVEL = 0;
				GCC_PREPROCESSOR_DEFINITIONS = (
					"DEBUG=1",
					"$(inherited)",
				);
				GCC_WARN_64_TO_32_BIT_CONVERSION = YES;
				GCC_WARN_ABOUT_RETURN_TYPE = YES_ERROR;
				GCC_WARN_UNDECLARED_SELECTOR = YES;
				GCC_WARN_UNINITIALIZED_AUTOS = YES_AGGRESSIVE;
				GCC_WARN_UNUSED_FUNCTION = YES;
				GCC_WARN_UNUSED_VARIABLE = YES;
				IPHONEOS_DEPLOYMENT_TARGET = 17.0;
				LOCALIZATION_PREFERS_STRING_CATALOGS = YES;
				MTL_ENABLE_DEBUG_INFO = INCLUDE_SOURCE;
				MTL_FAST_MATH = YES;
				ONLY_ACTIVE_ARCH = YES;
				SDKROOT = iphoneos;
				SWIFT_ACTIVE_COMPILATION_CONDITIONS = "DEBUG $(inherited)";
				SWIFT_OPTIMIZATION_LEVEL = "-Onone";
			};
			name = Debug;
		};
		00E3C9F52EA0168C00B849C4 /* Release */ = {
			isa = XCBuildConfiguration;
			buildSettings = {
				ALWAYS_SEARCH_USER_PATHS = NO;
				ASSETCATALOG_COMPILER_GENERATE_SWIFT_ASSET_SYMBOL_EXTENSIONS = YES;
				CLANG_ANALYZER_NONNULL = YES;
				CLANG_ANALYZER_NUMBER_OBJECT_CONVERSION = YES_AGGRESSIVE;
				CLANG_CXX_LANGUAGE_STANDARD = "gnu++20";
				CLANG_ENABLE_MODULES = YES;
				CLANG_ENABLE_OBJC_ARC = YES;
				CLANG_ENABLE_OBJC_WEAK = YES;
				CLANG_WARN_BLOCK_CAPTURE_AUTORELEASING = YES;
				CLANG_WARN_BOOL_CONVERSION = YES;
				CLANG_WARN_COMMA = YES;
				CLANG_WARN_CONSTANT_CONVERSION = YES;
				CLANG_WARN_DEPRECATED_OBJC_IMPLEMENTATIONS = YES;
				CLANG_WARN_DIRECT_OBJC_ISA_USAGE = YES_ERROR;
				CLANG_WARN_DOCUMENTATION_COMMENTS = YES;
				CLANG_WARN_EMPTY_BODY = YES;
				CLANG_WARN_ENUM_CONVERSION = YES;
				CLANG_WARN_INFINITE_RECURSION = YES;
				CLANG_WARN_INT_CONVERSION = YES;
				CLANG_WARN_NON_LITERAL_NULL_CONVERSION = YES;
				CLANG_WARN_OBJC_IMPLICIT_RETAIN_SELF = YES;
				CLANG_WARN_OBJC_LITERAL_CONVERSION = YES;
				CLANG_WARN_OBJC_ROOT_CLASS = YES_ERROR;
				CLANG_WARN_QUOTED_INCLUDE_IN_FRAMEWORK_HEADER = YES;
				CLANG_WARN_RANGE_LOOP_ANALYSIS = YES;
				CLANG_WARN_STRICT_PROTOTYPES = YES;
				CLANG_WARN_SUSPICIOUS_MOVE = YES;
				CLANG_WARN_UNGUARDED_AVAILABILITY = YES_AGGRESSIVE;
				CLANG_WARN_UNREACHABLE_CODE = YES;
				CLANG_WARN__DUPLICATE_METHOD_MATCH = YES;
				COPY_PHASE_STRIP = NO;
				DEBUG_INFORMATION_FORMAT = "dwarf-with-dsym";
				DEVELOPMENT_TEAM = SPHY5BA8B7;
				ENABLE_NS_ASSERTIONS = NO;
				ENABLE_STRICT_OBJC_MSGSEND = YES;
				ENABLE_USER_SCRIPT_SANDBOXING = YES;
				GCC_C_LANGUAGE_STANDARD = gnu17;
				GCC_NO_COMMON_BLOCKS = YES;
				GCC_WARN_64_TO_32_BIT_CONVERSION = YES;
				GCC_WARN_ABOUT_RETURN_TYPE = YES_ERROR;
				GCC_WARN_UNDECLARED_SELECTOR = YES;
				GCC_WARN_UNINITIALIZED_AUTOS = YES_AGGRESSIVE;
				GCC_WARN_UNUSED_FUNCTION = YES;
				GCC_WARN_UNUSED_VARIABLE = YES;
				IPHONEOS_DEPLOYMENT_TARGET = 17.0;
				LOCALIZATION_PREFERS_STRING_CATALOGS = YES;
				MTL_ENABLE_DEBUG_INFO = NO;
				MTL_FAST_MATH = YES;
				SDKROOT = iphoneos;
				SWIFT_COMPILATION_MODE = wholemodule;
				VALIDATE_PRODUCT = YES;
			};
			name = Release;
		};
/* End XCBuildConfiguration section */

/* Begin XCConfigurationList section */
		00E3C9D92EA0168B00B849C4 /* Build configuration list for PBXProject "modular-coordinator-di" */ = {
			isa = XCConfigurationList;
			buildConfigurations = (
				00E3C9F42EA0168C00B849C4 /* Debug */,
				00E3C9F52EA0168C00B849C4 /* Release */,
			);
			defaultConfigurationIsVisible = 0;
			defaultConfigurationName = Release;
		};
		00E3C9F12EA0168C00B849C4 /* Build configuration list for PBXNativeTarget "modular-coordinator-di" */ = {
			isa = XCConfigurationList;
			buildConfigurations = (
				00E3C9F22EA0168C00B849C4 /* Debug */,
				00E3C9F32EA0168C00B849C4 /* Release */,
			);
			defaultConfigurationIsVisible = 0;
			defaultConfigurationName = Release;
		};
/* End XCConfigurationList section */

/* Begin XCLocalSwiftPackageReference section */
		007C0CFD2EA6CAD200EF2C55 /* XCLocalSwiftPackageReference "Packages/Authentication" */ = {
			isa = XCLocalSwiftPackageReference;
			relativePath = Packages/Authentication;
		};
		007C0D002EA6CADB00EF2C55 /* XCLocalSwiftPackageReference "Packages/Common" */ = {
			isa = XCLocalSwiftPackageReference;
			relativePath = Packages/Common;
		};
		007C0D032EA6CAE200EF2C55 /* XCLocalSwiftPackageReference "Packages/Home" */ = {
			isa = XCLocalSwiftPackageReference;
			relativePath = Packages/Home;
		};
		007C0D062EA6CAEB00EF2C55 /* XCLocalSwiftPackageReference "Packages/Profile" */ = {
			isa = XCLocalSwiftPackageReference;
			relativePath = Packages/Profile;
		};
		007C0D092EA6CAF700EF2C55 /* XCLocalSwiftPackageReference "Packages/Settings" */ = {
			isa = XCLocalSwiftPackageReference;
			relativePath = Packages/Settings;
		};
/* End XCLocalSwiftPackageReference section */

/* Begin XCRemoteSwiftPackageReference section */
		007C0D0F2EA6CB4D00EF2C55 /* XCRemoteSwiftPackageReference "Swinject" */ = {
			isa = XCRemoteSwiftPackageReference;
			repositoryURL = "https://github.com/Swinject/Swinject";
			requirement = {
				kind = upToNextMajorVersion;
				minimumVersion = 2.10.0;
			};
		};
/* End XCRemoteSwiftPackageReference section */

/* Begin XCSwiftPackageProductDependency section */
		007C0CFE2EA6CAD200EF2C55 /* Authentication */ = {
			isa = XCSwiftPackageProductDependency;
			productName = Authentication;
		};
		007C0D012EA6CADB00EF2C55 /* Common */ = {
			isa = XCSwiftPackageProductDependency;
			productName = Common;
		};
		007C0D042EA6CAE200EF2C55 /* Home */ = {
			isa = XCSwiftPackageProductDependency;
			productName = Home;
		};
		007C0D072EA6CAEB00EF2C55 /* Profile */ = {
			isa = XCSwiftPackageProductDependency;
			productName = Profile;
		};
		007C0D0A2EA6CAF700EF2C55 /* Settings */ = {
			isa = XCSwiftPackageProductDependency;
			productName = Settings;
		};
		007C0D102EA6CB4D00EF2C55 /* Swinject */ = {
			isa = XCSwiftPackageProductDependency;
			package = 007C0D0F2EA6CB4D00EF2C55 /* XCRemoteSwiftPackageReference "Swinject" */;
			productName = Swinject;
		};
/* End XCSwiftPackageProductDependency section */
	};
	rootObject = 00E3C9D62EA0168B00B849C4 /* Project object */;
}
